// !$*UTF8*$!
{
	archiveVersion = 1;
	classes = {
	};
	objectVersion = 50;
	objects = {

/* Begin PBXBuildFile section */
		1E1AF44E23F5D351003AEAFE /* paper@2x.png in Resources */ = {isa = PBXBuildFile; fileRef = 1E1AF44B23F5D351003AEAFE /* paper@2x.png */; };
		1E1AF44F23F5D351003AEAFE /* paper@3x.png in Resources */ = {isa = PBXBuildFile; fileRef = 1E1AF44C23F5D351003AEAFE /* paper@3x.png */; };
		1E1AF45023F5D351003AEAFE /* paper.png in Resources */ = {isa = PBXBuildFile; fileRef = 1E1AF44D23F5D351003AEAFE /* paper.png */; };
		1E1AF45223F5D3A6003AEAFE /* rock.png in Resources */ = {isa = PBXBuildFile; fileRef = 1E1AF45123F5D3A6003AEAFE /* rock.png */; };
		1E1AF45623F5D3D1003AEAFE /* scissors.png in Resources */ = {isa = PBXBuildFile; fileRef = 1E1AF45523F5D3D1003AEAFE /* scissors.png */; };
		1E2AAB6F23F5FE5000C98FC0 /* Configuration.swift in Sources */ = {isa = PBXBuildFile; fileRef = 1E2AAB6E23F5FE5000C98FC0 /* Configuration.swift */; };
		1E7B736A23F4B8E300AE7010 /* AppDelegate.swift in Sources */ = {isa = PBXBuildFile; fileRef = 1E7B736923F4B8E300AE7010 /* AppDelegate.swift */; };
		1E7B736C23F4B8E300AE7010 /* SceneDelegate.swift in Sources */ = {isa = PBXBuildFile; fileRef = 1E7B736B23F4B8E300AE7010 /* SceneDelegate.swift */; };
		1E7B736E23F4B8E300AE7010 /* ContentView.swift in Sources */ = {isa = PBXBuildFile; fileRef = 1E7B736D23F4B8E300AE7010 /* ContentView.swift */; };
		1E7B737023F4B8E700AE7010 /* Assets.xcassets in Resources */ = {isa = PBXBuildFile; fileRef = 1E7B736F23F4B8E700AE7010 /* Assets.xcassets */; };
		1E7B737323F4B8E700AE7010 /* Preview Assets.xcassets in Resources */ = {isa = PBXBuildFile; fileRef = 1E7B737223F4B8E700AE7010 /* Preview Assets.xcassets */; };
		1E7B737623F4B8E700AE7010 /* LaunchScreen.storyboard in Resources */ = {isa = PBXBuildFile; fileRef = 1E7B737423F4B8E700AE7010 /* LaunchScreen.storyboard */; };
/* End PBXBuildFile section */

/* Begin PBXFileReference section */
		1E1AF44B23F5D351003AEAFE /* paper@2x.png */ = {isa = PBXFileReference; lastKnownFileType = image.png; name = "paper@2x.png"; path = "RockPaperScissors/Assets.xcassets/Paper.imageset/paper@2x.png"; sourceTree = SOURCE_ROOT; };
		1E1AF44C23F5D351003AEAFE /* paper@3x.png */ = {isa = PBXFileReference; lastKnownFileType = image.png; name = "paper@3x.png"; path = "RockPaperScissors/Assets.xcassets/Paper.imageset/paper@3x.png"; sourceTree = SOURCE_ROOT; };
		1E1AF44D23F5D351003AEAFE /* paper.png */ = {isa = PBXFileReference; lastKnownFileType = image.png; name = paper.png; path = RockPaperScissors/Assets.xcassets/Paper.imageset/paper.png; sourceTree = SOURCE_ROOT; };
		1E1AF45123F5D3A6003AEAFE /* rock.png */ = {isa = PBXFileReference; lastKnownFileType = image.png; name = rock.png; path = RockPaperScissors/Assets.xcassets/Rock.imageset/rock.png; sourceTree = SOURCE_ROOT; };
		1E1AF45323F5D3AA003AEAFE /* rock@2x.png */ = {isa = PBXFileReference; lastKnownFileType = image.png; path = "rock@2x.png"; sourceTree = "<group>"; };
		1E1AF45423F5D3B5003AEAFE /* rock@3x.png */ = {isa = PBXFileReference; lastKnownFileType = image.png; path = "rock@3x.png"; sourceTree = "<group>"; };
		1E1AF45523F5D3D1003AEAFE /* scissors.png */ = {isa = PBXFileReference; lastKnownFileType = image.png; name = scissors.png; path = RockPaperScissors/Assets.xcassets/Scissors.imageset/scissors.png; sourceTree = SOURCE_ROOT; };
		1E1AF45723F5D3E6003AEAFE /* scissors@3x.png */ = {isa = PBXFileReference; lastKnownFileType = image.png; path = "scissors@3x.png"; sourceTree = "<group>"; };
		1E1AF45823F5D3F3003AEAFE /* scissors@2x.png */ = {isa = PBXFileReference; lastKnownFileType = image.png; path = "scissors@2x.png"; sourceTree = "<group>"; };
		1E2AAB6E23F5FE5000C98FC0 /* Configuration.swift */ = {isa = PBXFileReference; lastKnownFileType = sourcecode.swift; path = Configuration.swift; sourceTree = "<group>"; };
		1E7B736623F4B8E300AE7010 /* RockPaperScissors.app */ = {isa = PBXFileReference; explicitFileType = wrapper.application; includeInIndex = 0; path = RockPaperScissors.app; sourceTree = BUILT_PRODUCTS_DIR; };
		1E7B736923F4B8E300AE7010 /* AppDelegate.swift */ = {isa = PBXFileReference; lastKnownFileType = sourcecode.swift; path = AppDelegate.swift; sourceTree = "<group>"; };
		1E7B736B23F4B8E300AE7010 /* SceneDelegate.swift */ = {isa = PBXFileReference; lastKnownFileType = sourcecode.swift; path = SceneDelegate.swift; sourceTree = "<group>"; };
		1E7B736D23F4B8E300AE7010 /* ContentView.swift */ = {isa = PBXFileReference; lastKnownFileType = sourcecode.swift; path = ContentView.swift; sourceTree = "<group>"; };
		1E7B736F23F4B8E700AE7010 /* Assets.xcassets */ = {isa = PBXFileReference; lastKnownFileType = folder.assetcatalog; path = Assets.xcassets; sourceTree = "<group>"; };
		1E7B737223F4B8E700AE7010 /* Preview Assets.xcassets */ = {isa = PBXFileReference; lastKnownFileType = folder.assetcatalog; path = "Preview Assets.xcassets"; sourceTree = "<group>"; };
		1E7B737523F4B8E700AE7010 /* Base */ = {isa = PBXFileReference; lastKnownFileType = file.storyboard; name = Base; path = Base.lproj/LaunchScreen.storyboard; sourceTree = "<group>"; };
		1E7B737723F4B8E700AE7010 /* Info.plist */ = {isa = PBXFileReference; lastKnownFileType = text.plist.xml; path = Info.plist; sourceTree = "<group>"; };
/* End PBXFileReference section */

/* Begin PBXFrameworksBuildPhase section */
		1E7B736323F4B8E300AE7010 /* Frameworks */ = {
			isa = PBXFrameworksBuildPhase;
			buildActionMask = 2147483647;
			files = (
			);
			runOnlyForDeploymentPostprocessing = 0;
		};
/* End PBXFrameworksBuildPhase section */

/* Begin PBXGroup section */
		1E1AF44A23F5D31C003AEAFE /* App Icons */ = {
			isa = PBXGroup;
			children = (
				1E1AF45523F5D3D1003AEAFE /* scissors.png */,
				1E1AF45823F5D3F3003AEAFE /* scissors@2x.png */,
				1E1AF45723F5D3E6003AEAFE /* scissors@3x.png */,
				1E1AF45123F5D3A6003AEAFE /* rock.png */,
				1E1AF45423F5D3B5003AEAFE /* rock@3x.png */,
				1E1AF45323F5D3AA003AEAFE /* rock@2x.png */,
				1E1AF44D23F5D351003AEAFE /* paper.png */,
				1E1AF44B23F5D351003AEAFE /* paper@2x.png */,
				1E1AF44C23F5D351003AEAFE /* paper@3x.png */,
			);
			path = "App Icons";
			sourceTree = "<group>";
		};
		1E7B735D23F4B8E300AE7010 = {
			isa = PBXGroup;
			children = (
				1E7B736823F4B8E300AE7010 /* RockPaperScissors */,
				1E7B736723F4B8E300AE7010 /* Products */,
			);
			sourceTree = "<group>";
		};
		1E7B736723F4B8E300AE7010 /* Products */ = {
			isa = PBXGroup;
			children = (
				1E7B736623F4B8E300AE7010 /* RockPaperScissors.app */,
			);
			name = Products;
			sourceTree = "<group>";
		};
		1E7B736823F4B8E300AE7010 /* RockPaperScissors */ = {
			isa = PBXGroup;
			children = (
				1E1AF44A23F5D31C003AEAFE /* App Icons */,
				1E7B736923F4B8E300AE7010 /* AppDelegate.swift */,
				1E7B736B23F4B8E300AE7010 /* SceneDelegate.swift */,
				1E7B736D23F4B8E300AE7010 /* ContentView.swift */,
				1E7B736F23F4B8E700AE7010 /* Assets.xcassets */,
				1E7B737423F4B8E700AE7010 /* LaunchScreen.storyboard */,
				1E7B737723F4B8E700AE7010 /* Info.plist */,
				1E7B737123F4B8E700AE7010 /* Preview Content */,
				1E2AAB6E23F5FE5000C98FC0 /* Configuration.swift */,
			);
			path = RockPaperScissors;
			sourceTree = "<group>";
		};
		1E7B737123F4B8E700AE7010 /* Preview Content */ = {
			isa = PBXGroup;
			children = (
				1E7B737223F4B8E700AE7010 /* Preview Assets.xcassets */,
			);
			path = "Preview Content";
			sourceTree = "<group>";
		};
/* End PBXGroup section */

/* Begin PBXNativeTarget section */
		1E7B736523F4B8E300AE7010 /* RockPaperScissors */ = {
			isa = PBXNativeTarget;
			buildConfigurationList = 1E7B737A23F4B8E700AE7010 /* Build configuration list for PBXNativeTarget "RockPaperScissors" */;
			buildPhases = (
				1E7B736223F4B8E300AE7010 /* Sources */,
				1E7B736323F4B8E300AE7010 /* Frameworks */,
				1E7B736423F4B8E300AE7010 /* Resources */,
			);
			buildRules = (
			);
			dependencies = (
			);
			name = RockPaperScissors;
			productName = RockPaperScissors;
			productReference = 1E7B736623F4B8E300AE7010 /* RockPaperScissors.app */;
			productType = "com.apple.product-type.application";
		};
/* End PBXNativeTarget section */

/* Begin PBXProject section */
		1E7B735E23F4B8E300AE7010 /* Project object */ = {
			isa = PBXProject;
			attributes = {
				LastSwiftUpdateCheck = 1130;
				LastUpgradeCheck = 1130;
				ORGANIZATIONNAME = "Robert Booth";
				TargetAttributes = {
					1E7B736523F4B8E300AE7010 = {
						CreatedOnToolsVersion = 11.3.1;
					};
				};
			};
			buildConfigurationList = 1E7B736123F4B8E300AE7010 /* Build configuration list for PBXProject "RockPaperScissors" */;
			compatibilityVersion = "Xcode 9.3";
			developmentRegion = en;
			hasScannedForEncodings = 0;
			knownRegions = (
				en,
				Base,
			);
			mainGroup = 1E7B735D23F4B8E300AE7010;
			productRefGroup = 1E7B736723F4B8E300AE7010 /* Products */;
			projectDirPath = "";
			projectRoot = "";
			targets = (
				1E7B736523F4B8E300AE7010 /* RockPaperScissors */,
			);
		};
/* End PBXProject section */

/* Begin PBXResourcesBuildPhase section */
		1E7B736423F4B8E300AE7010 /* Resources */ = {
			isa = PBXResourcesBuildPhase;
			buildActionMask = 2147483647;
			files = (
				1E1AF45623F5D3D1003AEAFE /* scissors.png in Resources */,
				1E1AF45023F5D351003AEAFE /* paper.png in Resources */,
				1E7B737623F4B8E700AE7010 /* LaunchScreen.storyboard in Resources */,
				1E1AF44F23F5D351003AEAFE /* paper@3x.png in Resources */,
				1E1AF45223F5D3A6003AEAFE /* rock.png in Resources */,
				1E1AF44E23F5D351003AEAFE /* paper@2x.png in Resources */,
				1E7B737323F4B8E700AE7010 /* Preview Assets.xcassets in Resources */,
				1E7B737023F4B8E700AE7010 /* Assets.xcassets in Resources */,
			);
			runOnlyForDeploymentPostprocessing = 0;
		};
/* End PBXResourcesBuildPhase section */

/* Begin PBXSourcesBuildPhase section */
		1E7B736223F4B8E300AE7010 /* Sources */ = {
			isa = PBXSourcesBuildPhase;
			buildActionMask = 2147483647;
			files = (
				1E7B736A23F4B8E300AE7010 /* AppDelegate.swift in Sources */,
				1E7B736C23F4B8E300AE7010 /* SceneDelegate.swift in Sources */,
				1E2AAB6F23F5FE5000C98FC0 /* Configuration.swift in Sources */,
				1E7B736E23F4B8E300AE7010 /* ContentView.swift in Sources */,
			);
			runOnlyForDeploymentPostprocessing = 0;
		};
/* End PBXSourcesBuildPhase section */

/* Begin PBXVariantGroup section */
		1E7B737423F4B8E700AE7010 /* LaunchScreen.storyboard */ = {
			isa = PBXVariantGroup;
			children = (
				1E7B737523F4B8E700AE7010 /* Base */,
			);
			name = LaunchScreen.storyboard;
			sourceTree = "<group>";
		};
/* End PBXVariantGroup section */

/* Begin XCBuildConfiguration section */
		1E7B737823F4B8E700AE7010 /* Debug */ = {
			isa = XCBuildConfiguration;
			buildSettings = {
				ALWAYS_SEARCH_USER_PATHS = NO;
				CLANG_ANALYZER_NONNULL = YES;
				CLANG_ANALYZER_NUMBER_OBJECT_CONVERSION = YES_AGGRESSIVE;
				CLANG_CXX_LANGUAGE_STANDARD = "gnu++14";
				CLANG_CXX_LIBRARY = "libc++";
				CLANG_ENABLE_MODULES = YES;
				CLANG_ENABLE_OBJC_ARC = YES;
				CLANG_ENABLE_OBJC_WEAK = YES;
				CLANG_WARN_BLOCK_CAPTURE_AUTORELEASING = YES;
				CLANG_WARN_BOOL_CONVERSION = YES;
				CLANG_WARN_COMMA = YES;
				CLANG_WARN_CONSTANT_CONVERSION = YES;
				CLANG_WARN_DEPRECATED_OBJC_IMPLEMENTATIONS = YES;
				CLANG_WARN_DIRECT_OBJC_ISA_USAGE = YES_ERROR;
				CLANG_WARN_DOCUMENTATION_COMMENTS = YES;
				CLANG_WARN_EMPTY_BODY = YES;
				CLANG_WARN_ENUM_CONVERSION = YES;
				CLANG_WARN_INFINITE_RECURSION = YES;
				CLANG_WARN_INT_CONVERSION = YES;
				CLANG_WARN_NON_LITERAL_NULL_CONVERSION = YES;
				CLANG_WARN_OBJC_IMPLICIT_RETAIN_SELF = YES;
				CLANG_WARN_OBJC_LITERAL_CONVERSION = YES;
				CLANG_WARN_OBJC_ROOT_CLASS = YES_ERROR;
				CLANG_WARN_RANGE_LOOP_ANALYSIS = YES;
				CLANG_WARN_STRICT_PROTOTYPES = YES;
				CLANG_WARN_SUSPICIOUS_MOVE = YES;
				CLANG_WARN_UNGUARDED_AVAILABILITY = YES_AGGRESSIVE;
				CLANG_WARN_UNREACHABLE_CODE = YES;
				CLANG_WARN__DUPLICATE_METHOD_MATCH = YES;
				COPY_PHASE_STRIP = NO;
				DEBUG_INFORMATION_FORMAT = dwarf;
				ENABLE_STRICT_OBJC_MSGSEND = YES;
				ENABLE_TESTABILITY = YES;
				GCC_C_LANGUAGE_STANDARD = gnu11;
				GCC_DYNAMIC_NO_PIC = NO;
				GCC_NO_COMMON_BLOCKS = YES;
				GCC_OPTIMIZATION_LEVEL = 0;
				GCC_PREPROCESSOR_DEFINITIONS = (
					"DEBUG=1",
					"$(inherited)",
				);
				GCC_WARN_64_TO_32_BIT_CONVERSION = YES;
				GCC_WARN_ABOUT_RETURN_TYPE = YES_ERROR;
				GCC_WARN_UNDECLARED_SELECTOR = YES;
				GCC_WARN_UNINITIALIZED_AUTOS = YES_AGGRESSIVE;
				GCC_WARN_UNUSED_FUNCTION = YES;
				GCC_WARN_UNUSED_VARIABLE = YES;
				IPHONEOS_DEPLOYMENT_TARGET = 13.2;
				MTL_ENABLE_DEBUG_INFO = INCLUDE_SOURCE;
				MTL_FAST_MATH = YES;
				ONLY_ACTIVE_ARCH = YES;
				SDKROOT = iphoneos;
				SWIFT_ACTIVE_COMPILATION_CONDITIONS = DEBUG;
				SWIFT_OPTIMIZATION_LEVEL = "-Onone";
			};
			name = Debug;
		};
		1E7B737923F4B8E700AE7010 /* Release */ = {
			isa = XCBuildConfiguration;
			buildSettings = {
				ALWAYS_SEARCH_USER_PATHS = NO;
				CLANG_ANALYZER_NONNULL = YES;
				CLANG_ANALYZER_NUMBER_OBJECT_CONVERSION = YES_AGGRESSIVE;
				CLANG_CXX_LANGUAGE_STANDARD = "gnu++14";
				CLANG_CXX_LIBRARY = "libc++";
				CLANG_ENABLE_MODULES = YES;
				CLANG_ENABLE_OBJC_ARC = YES;
				CLANG_ENABLE_OBJC_WEAK = YES;
				CLANG_WARN_BLOCK_CAPTURE_AUTORELEASING = YES;
				CLANG_WARN_BOOL_CONVERSION = YES;
				CLANG_WARN_COMMA = YES;
				CLANG_WARN_CONSTANT_CONVERSION = YES;
				CLANG_WARN_DEPRECATED_OBJC_IMPLEMENTATIONS = YES;
				CLANG_WARN_DIRECT_OBJC_ISA_USAGE = YES_ERROR;
				CLANG_WARN_DOCUMENTATION_COMMENTS = YES;
				CLANG_WARN_EMPTY_BODY = YES;
				CLANG_WARN_ENUM_CONVERSION = YES;
				CLANG_WARN_INFINITE_RECURSION = YES;
				CLANG_WARN_INT_CONVERSION = YES;
				CLANG_WARN_NON_LITERAL_NULL_CONVERSION = YES;
				CLANG_WARN_OBJC_IMPLICIT_RETAIN_SELF = YES;
				CLANG_WARN_OBJC_LITERAL_CONVERSION = YES;
				CLANG_WARN_OBJC_ROOT_CLASS = YES_ERROR;
				CLANG_WARN_RANGE_LOOP_ANALYSIS = YES;
				CLANG_WARN_STRICT_PROTOTYPES = YES;
				CLANG_WARN_SUSPICIOUS_MOVE = YES;
				CLANG_WARN_UNGUARDED_AVAILABILITY = YES_AGGRESSIVE;
				CLANG_WARN_UNREACHABLE_CODE = YES;
				CLANG_WARN__DUPLICATE_METHOD_MATCH = YES;
				COPY_PHASE_STRIP = NO;
				DEBUG_INFORMATION_FORMAT = "dwarf-with-dsym";
				ENABLE_NS_ASSERTIONS = NO;
				ENABLE_STRICT_OBJC_MSGSEND = YES;
				GCC_C_LANGUAGE_STANDARD = gnu11;
				GCC_NO_COMMON_BLOCKS = YES;
				GCC_WARN_64_TO_32_BIT_CONVERSION = YES;
				GCC_WARN_ABOUT_RETURN_TYPE = YES_ERROR;
				GCC_WARN_UNDECLARED_SELECTOR = YES;
				GCC_WARN_UNINITIALIZED_AUTOS = YES_AGGRESSIVE;
				GCC_WARN_UNUSED_FUNCTION = YES;
				GCC_WARN_UNUSED_VARIABLE = YES;
				IPHONEOS_DEPLOYMENT_TARGET = 13.2;
				MTL_ENABLE_DEBUG_INFO = NO;
				MTL_FAST_MATH = YES;
				SDKROOT = iphoneos;
				SWIFT_COMPILATION_MODE = wholemodule;
				SWIFT_OPTIMIZATION_LEVEL = "-O";
				VALIDATE_PRODUCT = YES;
			};
			name = Release;
		};
		1E7B737B23F4B8E700AE7010 /* Debug */ = {
			isa = XCBuildConfiguration;
			buildSettings = {
				ASSETCATALOG_COMPILER_APPICON_NAME = AppIcon;
				CODE_SIGN_STYLE = Automatic;
				DEVELOPMENT_ASSET_PATHS = "\"RockPaperScissors/Preview Content\"";
				DEVELOPMENT_TEAM = 9C5R4TQX7A;
				ENABLE_PREVIEWS = YES;
				INFOPLIST_FILE = RockPaperScissors/Info.plist;
				LD_RUNPATH_SEARCH_PATHS = (
					"$(inherited)",
					"@executable_path/Frameworks",
				);
				PRODUCT_BUNDLE_IDENTIFIER = com.rbooth.RockPaperScissors;
				PRODUCT_NAME = "$(TARGET_NAME)";
				SWIFT_VERSION = 5.0;
				TARGETED_DEVICE_FAMILY = "1,2";
			};
			name = Debug;
		};
		1E7B737C23F4B8E700AE7010 /* Release */ = {
			isa = XCBuildConfiguration;
			buildSettings = {
				ASSETCATALOG_COMPILER_APPICON_NAME = AppIcon;
				CODE_SIGN_STYLE = Automatic;
				DEVELOPMENT_ASSET_PATHS = "\"RockPaperScissors/Preview Content\"";
				DEVELOPMENT_TEAM = 9C5R4TQX7A;
				ENABLE_PREVIEWS = YES;
				INFOPLIST_FILE = RockPaperScissors/Info.plist;
				LD_RUNPATH_SEARCH_PATHS = (
					"$(inherited)",
					"@executable_path/Frameworks",
				);
				PRODUCT_BUNDLE_IDENTIFIER = com.rbooth.RockPaperScissors;
				PRODUCT_NAME = "$(TARGET_NAME)";
				SWIFT_VERSION = 5.0;
				TARGETED_DEVICE_FAMILY = "1,2";
			};
			name = Release;
		};
/* End XCBuildConfiguration section */

/* Begin XCConfigurationList section */
		1E7B736123F4B8E300AE7010 /* Build configuration list for PBXProject "RockPaperScissors" */ = {
			isa = XCConfigurationList;
			buildConfigurations = (
				1E7B737823F4B8E700AE7010 /* Debug */,
				1E7B737923F4B8E700AE7010 /* Release */,
			);
			defaultConfigurationIsVisible = 0;
			defaultConfigurationName = Release;
		};
		1E7B737A23F4B8E700AE7010 /* Build configuration list for PBXNativeTarget "RockPaperScissors" */ = {
			isa = XCConfigurationList;
			buildConfigurations = (
				1E7B737B23F4B8E700AE7010 /* Debug */,
				1E7B737C23F4B8E700AE7010 /* Release */,
			);
			defaultConfigurationIsVisible = 0;
			defaultConfigurationName = Release;
		};
/* End XCConfigurationList section */
	};
	rootObject = 1E7B735E23F4B8E300AE7010 /* Project object */;
}
